
Microsoft Visual Studio Solution File, Format Version 12.00
# Visual Studio Version 16
VisualStudioVersion = 16.0.30804.86
MinimumVisualStudioVersion = 10.0.40219.1
Project("{8BC9CEB8-8B4A-11D0-8D11-00A0C91BC942}") = "DPCDemo", "DPCDemo.vcxproj", "{8107A215-33E1-497A-96E4-455D2C7E2298}"
EndProject
Global
	GlobalSection(SolutionConfigurationPlatforms) = preSolution
		Debug|x64 = Debug|x64
		Release|x64 = Release|x64
	EndGlobalSection
	GlobalSection(ProjectConfigurationPlatforms) = postSolution
		{8107A215-33E1-497A-96E4-455D2C7E2298}.Debug|x64.ActiveCfg = Debug|x64
		{8107A215-33E1-497A-96E4-455D2C7E2298}.Debug|x64.Build.0 = Debug|x64
		{8107A215-33E1-497A-96E4-455D2C7E2298}.Release|x64.ActiveCfg = Release|x64
		{8107A215-33E1-497A-96E4-455D2C7E2298}.Release|x64.Build.0 = Release|x64
	EndGlobalSection
	GlobalSection(SolutionProperties) = preSolution
		HideSolutionNode = FALSE
	EndGlobalSection
	GlobalSection(ExtensibilityGlobals) = postSolution
		SolutionGuid = {8762047D-C520-4BEE-BC9A-81D612D6C4F2}
	EndGlobalSection
EndGlobal
